
Microsoft Visual Studio Solution File, Format Version 12.00
# Visual Studio Version 16
VisualStudioVersion = 16.0.31410.357
MinimumVisualStudioVersion = 10.0.40219.1
Project("{FAE04EC0-301F-11D3-BF4B-00C04F79EFBC}") = "Spotify_DB_Automation", "Spotify_DB_Automation\Spotify_DB_Automation.csproj", "{89E943EA-1679-4024-8355-05CE09DC4E76}"
EndProject
Global
	GlobalSection(SolutionConfigurationPlatforms) = preSolution
		Debug|Any CPU = Debug|Any CPU
		Release|Any CPU = Release|Any CPU
	EndGlobalSection
	GlobalSection(ProjectConfigurationPlatforms) = postSolution
		{89E943EA-1679-4024-8355-05CE09DC4E76}.Debug|Any CPU.ActiveCfg = Debug|Any CPU
		{89E943EA-1679-4024-8355-05CE09DC4E76}.Debug|Any CPU.Build.0 = Debug|Any CPU
		{89E943EA-1679-4024-8355-05CE09DC4E76}.Release|Any CPU.ActiveCfg = Release|Any CPU
		{89E943EA-1679-4024-8355-05CE09DC4E76}.Release|Any CPU.Build.0 = Release|Any CPU
	EndGlobalSection
	GlobalSection(SolutionProperties) = preSolution
		HideSolutionNode = FALSE
	EndGlobalSection
	GlobalSection(ExtensibilityGlobals) = postSolution
		SolutionGuid = {DCB4FBF4-D834-40BC-9116-5F03EBEC57E8}
	EndGlobalSection
EndGlobal
